PODS:
  - MetricsReporter (1.1.1.beta.2):
    - RSCrashReporter (~> 1.0.0)
    - RudderKit (~> 1.4.0)
  - RSCrashReporter (1.0.0)
  - Rudder (1.20.0):
    - MetricsReporter (= 1.1.1.beta.2)
  - RudderKit (1.4.0)
  - SQLCipher (4.5.5):
    - SQLCipher/standard (= 4.5.5)
  - SQLCipher/common (4.5.5)
  - SQLCipher/standard (4.5.5):
    - SQLCipher/common

DEPENDENCIES:
  - MetricsReporter
  - RSCrashReporter
  - Rudder (from `.`)
  - RudderKit
  - SQLCipher (~> 4.0)

SPEC REPOS:
  https://github.com/CocoaPods/Specs.git:
    - MetricsReporter
    - RSCrashReporter
    - RudderKit
    - SQLCipher

EXTERNAL SOURCES:
  Rudder:
    :path: "."

SPEC CHECKSUMS:
  MetricsReporter: a17bdddc81b7ab5cd69c7f8d4fdc98bb85f1830b
  RSCrashReporter: e9ccaebd996263f8325a6cbef44ff74aa5f58e30
  Rudder: bf335cbb9c2f2247608dfca25521eea1b20e65bd
  RudderKit: f272f9872183946452ac94cd7bb2244a71e6ca8f
  SQLCipher: f2e96b3822e3006b379181a0e4fd145f6de29b56

PODFILE CHECKSUM: adae28d9c3ab6fb2de70a9b667e58478c81c6e40

COCOAPODS: 1.13.0
